
Microsoft Visual Studio Solution File, Format Version 12.00
# Visual Studio Version 17
VisualStudioVersion = 17.1.32210.238
MinimumVisualStudioVersion = 10.0.40219.1
Project("{FAE04EC0-301F-11D3-BF4B-00C04F79EFBC}") = "IndianStateAnalyzer", "IndianStateAnalyzer\IndianStateAnalyzer.csproj", "{C6D79751-9A27-41A5-A0E2-1BEE78E5D873}"
EndProject
Project("{FAE04EC0-301F-11D3-BF4B-00C04F79EFBC}") = "CensusAnalyzerTest", "CensusAnalyzerTest\CensusAnalyzerTest.csproj", "{C67E6E9A-83BB-429B-8C65-E8D8EECA9D61}"
EndProject
Global
	GlobalSection(SolutionConfigurationPlatforms) = preSolution
		Debug|Any CPU = Debug|Any CPU
		Release|Any CPU = Release|Any CPU
	EndGlobalSection
	GlobalSection(ProjectConfigurationPlatforms) = postSolution
		{C6D79751-9A27-41A5-A0E2-1BEE78E5D873}.Debug|Any CPU.ActiveCfg = Debug|Any CPU
		{C6D79751-9A27-41A5-A0E2-1BEE78E5D873}.Debug|Any CPU.Build.0 = Debug|Any CPU
		{C6D79751-9A27-41A5-A0E2-1BEE78E5D873}.Release|Any CPU.ActiveCfg = Release|Any CPU
		{C6D79751-9A27-41A5-A0E2-1BEE78E5D873}.Release|Any CPU.Build.0 = Release|Any CPU
		{C67E6E9A-83BB-429B-8C65-E8D8EECA9D61}.Debug|Any CPU.ActiveCfg = Debug|Any CPU
		{C67E6E9A-83BB-429B-8C65-E8D8EECA9D61}.Debug|Any CPU.Build.0 = Debug|Any CPU
		{C67E6E9A-83BB-429B-8C65-E8D8EECA9D61}.Release|Any CPU.ActiveCfg = Release|Any CPU
		{C67E6E9A-83BB-429B-8C65-E8D8EECA9D61}.Release|Any CPU.Build.0 = Release|Any CPU
	EndGlobalSection
	GlobalSection(SolutionProperties) = preSolution
		HideSolutionNode = FALSE
	EndGlobalSection
	GlobalSection(ExtensibilityGlobals) = postSolution
		SolutionGuid = {DA3B0DD3-001A-4B4C-B3CE-25577A339E60}
	EndGlobalSection
EndGlobal
